{
  "version": 4,
  "terraform_version": "0.13.0",
  "serial": 318,
  "lineage": "fde6332d-fca7-8ac9-4008-e6c22d6078fe",
  "outputs": {},
  "resources": [
    {
      "module": "module.create_schema",
      "mode": "data",
      "type": "mso_site",
      "name": "site1",
      "provider": "provider[\"registry.terraform.io/ciscodevnet/mso\"]",
      "instances": [
        {
          "schema_version": 0,
          "attributes": {
            "apic_site_id": "1",
            "cloud_providers": null,
            "id": "617ab3383e06aed4a8773148",
            "labels": null,
            "location": {
              "lat": "38.56480436146142",
              "long": "-8.574660056288494"
            },
            "name": "SITE1",
            "password": null,
            "urls": [
              "https://10.150.33.68:443"
            ],
            "username": "Cisco_MSO_OHUVpdRD"
          }
        }
      ]
    },
    {
      "module": "module.create_schema",
      "mode": "data",
      "type": "mso_site",
      "name": "site2",
      "provider": "provider[\"registry.terraform.io/ciscodevnet/mso\"]",
      "instances": [
        {
          "schema_version": 0,
          "attributes": {
            "apic_site_id": "2",
            "cloud_providers": null,
            "id": "617ab36f3e06aed4a8773149",
            "labels": null,
            "location": {
              "lat": "42.45473136877818",
              "long": "-8.789350542100278"
            },
            "name": "SITE2",
            "password": null,
            "urls": [
              "https://10.150.33.70:443"
            ],
            "username": "Cisco_MSO_OHUVpdRD"
          }
        }
      ]
    },
    {
      "module": "module.create_schema",
      "mode": "managed",
      "type": "mso_schema",
      "name": "schema",
      "provider": "provider[\"registry.terraform.io/ciscodevnet/mso\"]",
      "instances": [
        {
          "schema_version": 1,
          "attributes": {
            "id": "6230d072200000ed7787f5c1",
            "name": "terra-ax-msite",
            "template_name": "terra-intersite",
            "tenant_id": "6230d0a7210000698e400f21"
          },
          "private": "eyJzY2hlbWFfdmVyc2lvbiI6IjEifQ==",
          "dependencies": [
            "module.create_schema.data.mso_site.site1",
            "module.create_schema.data.mso_site.site2",
            "module.create_schema.mso_tenant.tenant"
          ]
        }
      ]
    },
    {
      "module": "module.deploy",
      "mode": "managed",
      "type": "mso_schema_site",
      "name": "add_intersite",
      "provider": "provider[\"registry.terraform.io/ciscodevnet/mso\"]",
      "instances": [
        {
          "schema_version": 1,
          "attributes": {
            "id": "617ab3383e06aed4a8773148",
            "schema_id": "6230d072200000ed7787f5c1",
            "site_id": "617ab3383e06aed4a8773148",
            "template_name": "terra-intersite"
          },
          "private": "eyJzY2hlbWFfdmVyc2lvbiI6IjEifQ==",
          "dependencies": [
            "module.create_schema.mso_schema.schema"
          ]
        }
      ]
    },
    {
      "module": "module.deploy",
      "mode": "managed",
      "type": "mso_schema_site",
      "name": "add_intersite2",
      "provider": "provider[\"registry.terraform.io/ciscodevnet/mso\"]",
      "instances": [
        {
          "schema_version": 1,
          "attributes": {
            "id": "617ab36f3e06aed4a8773149",
            "schema_id": "6230d072200000ed7787f5c1",
            "site_id": "617ab36f3e06aed4a8773149",
            "template_name": "terra-intersite"
          },
          "private": "eyJzY2hlbWFfdmVyc2lvbiI6IjEifQ==",
          "dependencies": [
            "module.create_schema.mso_schema.schema"
          ]
        }
      ]
    },
    {
      "module": "module.deploy",
      "mode": "managed",
      "type": "mso_schema_site",
      "name": "add_site_details",
      "provider": "provider[\"registry.terraform.io/ciscodevnet/mso\"]",
      "instances": [
        {
          "schema_version": 1,
          "attributes": {
            "id": "617ab3383e06aed4a8773148",
            "schema_id": "6230d072200000ed7787f5c1",
            "site_id": "617ab3383e06aed4a8773148",
            "template_name": "terra-site1"
          },
          "private": "eyJzY2hlbWFfdmVyc2lvbiI6IjEifQ==",
          "dependencies": [
            "module.create_schema.mso_schema.schema"
          ]
        }
      ]
    },
    {
      "module": "module.deploy",
      "mode": "managed",
      "type": "mso_schema_site",
      "name": "add_site_details2",
      "provider": "provider[\"registry.terraform.io/ciscodevnet/mso\"]",
      "instances": [
        {
          "schema_version": 1,
          "attributes": {
            "id": "617ab36f3e06aed4a8773149",
            "schema_id": "6230d072200000ed7787f5c1",
            "site_id": "617ab36f3e06aed4a8773149",
            "template_name": "terra-site2"
          },
          "private": "eyJzY2hlbWFfdmVyc2lvbiI6IjEifQ==",
          "dependencies": [
            "module.create_schema.mso_schema.schema",
            "module.create_schema.mso_schema_template.site2_template"
          ]
        }
      ]
    },
    {
      "module": "module.create_intersite_template",
      "mode": "managed",
      "type": "mso_schema_site_anp_epg_domain",
      "name": "site1_epg_domain",
      "provider": "provider[\"registry.terraform.io/ciscodevnet/mso\"]",
      "instances": [
        {
          "schema_version": 1,
          "attributes": {
            "allow_micro_segmentation": false,
            "anp_name": "terra-intersite-ap",
            "deploy_immediacy": "immediate",
            "dn": "VMM_LAB",
            "domain_type": "vmmDomain",
            "enhanced_lag_policy_dn": null,
            "enhanced_lag_policy_name": null,
            "epg_name": "terra-intersite-gw-epg",
            "id": "uni/vmmp-VMware/dom-VMM_LAB",
            "micro_seg_vlan": null,
            "micro_seg_vlan_type": null,
            "port_encap_vlan": null,
            "port_encap_vlan_type": null,
            "resolution_immediacy": "immediate",
            "schema_id": "6230d072200000ed7787f5c1",
            "site_id": "617ab36f3e06aed4a8773149",
            "switch_type": "default",
            "switching_mode": "native",
            "template_name": "terra-intersite",
            "vlan_encap_mode": "dynamic"
          },
          "private": "eyJzY2hlbWFfdmVyc2lvbiI6IjEifQ==",
          "dependencies": [
            "module.create_intersite_template.mso_schema_template_anp.ap_intersite",
            "module.create_schema.mso_schema.schema"
          ]
        }
      ]
    },
    {
      "module": "module.create_intersite_template",
      "mode": "managed",
      "type": "mso_schema_site_anp_epg_domain",
      "name": "site2_epg_domain",
      "provider": "provider[\"registry.terraform.io/ciscodevnet/mso\"]",
      "instances": [
        {
          "schema_version": 1,
          "attributes": {
            "allow_micro_segmentation": false,
            "anp_name": "terra-intersite-ap",
            "deploy_immediacy": "immediate",
            "dn": "VMM_LAB",
            "domain_type": "vmmDomain",
            "enhanced_lag_policy_dn": null,
            "enhanced_lag_policy_name": null,
            "epg_name": "terra-intersite-gw-epg",
            "id": "uni/vmmp-VMware/dom-VMM_LAB",
            "micro_seg_vlan": null,
            "micro_seg_vlan_type": null,
            "port_encap_vlan": null,
            "port_encap_vlan_type": null,
            "resolution_immediacy": "immediate",
            "schema_id": "6230d072200000ed7787f5c1",
            "site_id": "617ab3383e06aed4a8773148",
            "switch_type": "default",
            "switching_mode": "native",
            "template_name": "terra-intersite",
            "vlan_encap_mode": "dynamic"
          },
          "private": "eyJzY2hlbWFfdmVyc2lvbiI6IjEifQ==",
          "dependencies": [
            "module.create_intersite_template.mso_schema_template_anp.ap_intersite",
            "module.create_schema.mso_schema.schema"
          ]
        }
      ]
    },
    {
      "module": "module.create_schema",
      "mode": "managed",
      "type": "mso_schema_template",
      "name": "site1_template",
      "provider": "provider[\"registry.terraform.io/ciscodevnet/mso\"]",
      "instances": [
        {
          "schema_version": 1,
          "attributes": {
            "display_name": "terra-site1",
            "id": "terra-site1",
            "name": "terra-site1",
            "schema_id": "6230d072200000ed7787f5c1",
            "tenant_id": "6230d0a7210000698e400f21"
          },
          "private": "eyJzY2hlbWFfdmVyc2lvbiI6IjEifQ==",
          "dependencies": [
            "module.create_schema.data.mso_site.site1",
            "module.create_schema.data.mso_site.site2",
            "module.create_schema.mso_schema.schema",
            "module.create_schema.mso_tenant.tenant"
          ]
        }
      ]
    },
    {
      "module": "module.create_schema",
      "mode": "managed",
      "type": "mso_schema_template",
      "name": "site2_template",
      "provider": "provider[\"registry.terraform.io/ciscodevnet/mso\"]",
      "instances": [
        {
          "schema_version": 1,
          "attributes": {
            "display_name": "terra-site2",
            "id": "terra-site2",
            "name": "terra-site2",
            "schema_id": "6230d072200000ed7787f5c1",
            "tenant_id": "6230d0a7210000698e400f21"
          },
          "private": "eyJzY2hlbWFfdmVyc2lvbiI6IjEifQ==",
          "dependencies": [
            "module.create_schema.data.mso_site.site1",
            "module.create_schema.data.mso_site.site2",
            "module.create_schema.mso_schema.schema",
            "module.create_schema.mso_tenant.tenant"
          ]
        }
      ]
    },
    {
      "module": "module.create_site1_template",
      "mode": "managed",
      "type": "mso_schema_template_anp",
      "name": "ap",
      "provider": "provider[\"registry.terraform.io/ciscodevnet/mso\"]",
      "instances": [
        {
          "schema_version": 0,
          "attributes": {
            "display_name": "terra-site1-ap",
            "id": "terra-site1-ap",
            "name": "terra-site1-ap",
            "schema_id": "6230d072200000ed7787f5c1",
            "template": "terra-site1"
          },
          "private": "bnVsbA==",
          "dependencies": [
            "module.create_schema.data.mso_site.site1",
            "module.create_schema.data.mso_site.site2",
            "module.create_schema.mso_schema.schema",
            "module.create_schema.mso_schema_template.site1_template",
            "module.create_schema.mso_tenant.tenant"
          ]
        }
      ]
    },
    {
      "module": "module.create_site2_template",
      "mode": "managed",
      "type": "mso_schema_template_anp",
      "name": "ap",
      "provider": "provider[\"registry.terraform.io/ciscodevnet/mso\"]",
      "instances": [
        {
          "schema_version": 0,
          "attributes": {
            "display_name": "terra-site2-ap",
            "id": "terra-site2-ap",
            "name": "terra-site2-ap",
            "schema_id": "6230d072200000ed7787f5c1",
            "template": "terra-site2"
          },
          "private": "bnVsbA==",
          "dependencies": [
            "module.create_schema.data.mso_site.site1",
            "module.create_schema.data.mso_site.site2",
            "module.create_schema.mso_schema.schema",
            "module.create_schema.mso_schema_template.site2_template",
            "module.create_schema.mso_tenant.tenant"
          ]
        }
      ]
    },
    {
      "module": "module.create_intersite_template",
      "mode": "managed",
      "type": "mso_schema_template_anp",
      "name": "ap_intersite",
      "provider": "provider[\"registry.terraform.io/ciscodevnet/mso\"]",
      "instances": [
        {
          "schema_version": 0,
          "attributes": {
            "display_name": "terra-intersite-ap",
            "id": "terra-intersite-ap",
            "name": "terra-intersite-ap",
            "schema_id": "6230d072200000ed7787f5c1",
            "template": "terra-intersite"
          },
          "private": "bnVsbA==",
          "dependencies": [
            "module.create_schema.data.mso_site.site1",
            "module.create_schema.data.mso_site.site2",
            "module.create_schema.mso_schema.schema",
            "module.create_schema.mso_tenant.tenant"
          ]
        }
      ]
    },
    {
      "module": "module.create_site1_template",
      "mode": "managed",
      "type": "mso_schema_template_anp_epg",
      "name": "epg",
      "provider": "provider[\"registry.terraform.io/ciscodevnet/mso\"]",
      "instances": [
        {
          "schema_version": 1,
          "attributes": {
            "anp_name": "terra-site1-ap",
            "bd_name": "terra-site1-bd",
            "bd_schema_id": null,
            "bd_template_name": null,
            "display_name": "terra-site1-epg",
            "id": "terra-site1-epg",
            "intersite_multicast_source": false,
            "intra_epg": "unenforced",
            "name": "terra-site1-epg",
            "preferred_group": false,
            "proxy_arp": false,
            "schema_id": "6230d072200000ed7787f5c1",
            "template_name": "terra-site1",
            "useg_epg": false,
            "vrf_name": "terra-intersite-vrf",
            "vrf_schema_id": null,
            "vrf_template_name": "terra-intersite"
          },
          "private": "eyJzY2hlbWFfdmVyc2lvbiI6IjEifQ==",
          "dependencies": [
            "module.create_intersite_template.mso_schema_template_vrf.vrf_intersite",
            "module.create_schema.data.mso_site.site1",
            "module.create_schema.data.mso_site.site2",
            "module.create_schema.mso_schema.schema",
            "module.create_schema.mso_schema_template.site1_template",
            "module.create_schema.mso_tenant.tenant",
            "module.create_site1_template.mso_schema_template_anp.ap",
            "module.create_site1_template.mso_schema_template_bd.bd"
          ]
        }
      ]
    },
    {
      "module": "module.create_site2_template",
      "mode": "managed",
      "type": "mso_schema_template_anp_epg",
      "name": "epg",
      "provider": "provider[\"registry.terraform.io/ciscodevnet/mso\"]",
      "instances": [
        {
          "schema_version": 1,
          "attributes": {
            "anp_name": "terra-site2-ap",
            "bd_name": "terra-site2-bd",
            "bd_schema_id": null,
            "bd_template_name": null,
            "display_name": "terra-site2-epg",
            "id": "terra-site2-epg",
            "intersite_multicast_source": false,
            "intra_epg": "unenforced",
            "name": "terra-site2-epg",
            "preferred_group": false,
            "proxy_arp": false,
            "schema_id": "6230d072200000ed7787f5c1",
            "template_name": "terra-site2",
            "useg_epg": false,
            "vrf_name": "terra-intersite-vrf",
            "vrf_schema_id": null,
            "vrf_template_name": "terra-intersite"
          },
          "private": "eyJzY2hlbWFfdmVyc2lvbiI6IjEifQ==",
          "dependencies": [
            "module.create_intersite_template.mso_schema_template_vrf.vrf_intersite",
            "module.create_schema.data.mso_site.site1",
            "module.create_schema.data.mso_site.site2",
            "module.create_schema.mso_schema.schema",
            "module.create_schema.mso_schema_template.site2_template",
            "module.create_schema.mso_tenant.tenant",
            "module.create_site2_template.mso_schema_template_anp.ap",
            "module.create_site2_template.mso_schema_template_bd.bd"
          ]
        }
      ]
    },
    {
      "module": "module.create_intersite_template",
      "mode": "managed",
      "type": "mso_schema_template_anp_epg",
      "name": "epg_intersite",
      "provider": "provider[\"registry.terraform.io/ciscodevnet/mso\"]",
      "instances": [
        {
          "schema_version": 1,
          "attributes": {
            "anp_name": "terra-intersite-ap",
            "bd_name": "terra-intersite-bd",
            "bd_schema_id": null,
            "bd_template_name": null,
            "display_name": "terra-intersite-gw-epg",
            "id": "terra-intersite-gw-epg",
            "intersite_multicast_source": false,
            "intra_epg": "unenforced",
            "name": "terra-intersite-gw-epg",
            "preferred_group": false,
            "proxy_arp": false,
            "schema_id": "6230d072200000ed7787f5c1",
            "template_name": "terra-intersite",
            "useg_epg": false,
            "vrf_name": "terra-intersite-vrf",
            "vrf_schema_id": null,
            "vrf_template_name": null
          },
          "private": "eyJzY2hlbWFfdmVyc2lvbiI6IjEifQ==",
          "dependencies": [
            "module.create_intersite_template.mso_schema_template_anp.ap_intersite",
            "module.create_intersite_template.mso_schema_template_bd.bd_intersite",
            "module.create_intersite_template.mso_schema_template_vrf.vrf_intersite",
            "module.create_schema.data.mso_site.site1",
            "module.create_schema.data.mso_site.site2",
            "module.create_schema.mso_schema.schema",
            "module.create_schema.mso_tenant.tenant"
          ]
        }
      ]
    },
    {
      "module": "module.create_site1_template",
      "mode": "managed",
      "type": "mso_schema_template_anp_epg_contract",
      "name": "epg_all",
      "provider": "provider[\"registry.terraform.io/ciscodevnet/mso\"]",
      "instances": [
        {
          "schema_version": 1,
          "attributes": {
            "anp_name": "terra-site1-ap",
            "contract_name": "terra-site1-contract",
            "contract_schema_id": "6230d072200000ed7787f5c1",
            "contract_template_name": "terra-intersite",
            "epg_name": "terra-site1-epg",
            "id": "terra-site1-contract",
            "relationship_type": "consumer",
            "schema_id": "6230d072200000ed7787f5c1",
            "template_name": "terra-site1"
          },
          "private": "eyJzY2hlbWFfdmVyc2lvbiI6IjEifQ==",
          "dependencies": [
            "module.create_intersite_template.mso_schema_template_contract.permit_all_site1",
            "module.create_intersite_template.mso_schema_template_filter_entry.permit_all",
            "module.create_intersite_template.mso_schema_template_vrf.vrf_intersite",
            "module.create_schema.data.mso_site.site1",
            "module.create_schema.data.mso_site.site2",
            "module.create_schema.mso_schema.schema",
            "module.create_schema.mso_schema_template.site1_template",
            "module.create_schema.mso_tenant.tenant",
            "module.create_site1_template.mso_schema_template_anp.ap",
            "module.create_site1_template.mso_schema_template_anp_epg.epg",
            "module.create_site1_template.mso_schema_template_bd.bd"
          ]
        }
      ]
    },
    {
      "module": "module.create_site2_template",
      "mode": "managed",
      "type": "mso_schema_template_anp_epg_contract",
      "name": "epg_all",
      "provider": "provider[\"registry.terraform.io/ciscodevnet/mso\"]",
      "instances": [
        {
          "schema_version": 1,
          "attributes": {
            "anp_name": "terra-site2-ap",
            "contract_name": "terra-site2-contract",
            "contract_schema_id": "6230d072200000ed7787f5c1",
            "contract_template_name": "terra-intersite",
            "epg_name": "terra-site2-epg",
            "id": "terra-site2-contract",
            "relationship_type": "consumer",
            "schema_id": "6230d072200000ed7787f5c1",
            "template_name": "terra-site2"
          },
          "private": "eyJzY2hlbWFfdmVyc2lvbiI6IjEifQ==",
          "dependencies": [
            "module.create_intersite_template.mso_schema_template_contract.permit_all_site2",
            "module.create_intersite_template.mso_schema_template_filter_entry.permit_all",
            "module.create_intersite_template.mso_schema_template_vrf.vrf_intersite",
            "module.create_schema.data.mso_site.site1",
            "module.create_schema.data.mso_site.site2",
            "module.create_schema.mso_schema.schema",
            "module.create_schema.mso_schema_template.site2_template",
            "module.create_schema.mso_tenant.tenant",
            "module.create_site2_template.mso_schema_template_anp.ap",
            "module.create_site2_template.mso_schema_template_anp_epg.epg",
            "module.create_site2_template.mso_schema_template_bd.bd"
          ]
        }
      ]
    },
    {
      "module": "module.create_intersite_template",
      "mode": "managed",
      "type": "mso_schema_template_anp_epg_contract",
      "name": "epg_intersite_all_site1",
      "provider": "provider[\"registry.terraform.io/ciscodevnet/mso\"]",
      "instances": [
        {
          "schema_version": 1,
          "attributes": {
            "anp_name": "terra-intersite-ap",
            "contract_name": "terra-site1-contract",
            "contract_schema_id": "6230d072200000ed7787f5c1",
            "contract_template_name": "terra-intersite",
            "epg_name": "terra-intersite-gw-epg",
            "id": "terra-site1-contract",
            "relationship_type": "provider",
            "schema_id": "6230d072200000ed7787f5c1",
            "template_name": "terra-intersite"
          },
          "private": "eyJzY2hlbWFfdmVyc2lvbiI6IjEifQ==",
          "dependencies": [
            "module.create_intersite_template.mso_schema_template_anp.ap_intersite",
            "module.create_intersite_template.mso_schema_template_anp_epg.epg_intersite",
            "module.create_intersite_template.mso_schema_template_bd.bd_intersite",
            "module.create_intersite_template.mso_schema_template_contract.permit_all_site1",
            "module.create_intersite_template.mso_schema_template_filter_entry.permit_all",
            "module.create_intersite_template.mso_schema_template_vrf.vrf_intersite",
            "module.create_schema.data.mso_site.site1",
            "module.create_schema.data.mso_site.site2",
            "module.create_schema.mso_schema.schema",
            "module.create_schema.mso_tenant.tenant"
          ]
        }
      ]
    },
    {
      "module": "module.create_intersite_template",
      "mode": "managed",
      "type": "mso_schema_template_anp_epg_contract",
      "name": "epg_intersite_all_site2",
      "provider": "provider[\"registry.terraform.io/ciscodevnet/mso\"]",
      "instances": [
        {
          "schema_version": 1,
          "attributes": {
            "anp_name": "terra-intersite-ap",
            "contract_name": "terra-site2-contract",
            "contract_schema_id": "6230d072200000ed7787f5c1",
            "contract_template_name": "terra-intersite",
            "epg_name": "terra-intersite-gw-epg",
            "id": "terra-site2-contract",
            "relationship_type": "provider",
            "schema_id": "6230d072200000ed7787f5c1",
            "template_name": "terra-intersite"
          },
          "private": "eyJzY2hlbWFfdmVyc2lvbiI6IjEifQ==",
          "dependencies": [
            "module.create_intersite_template.mso_schema_template_anp.ap_intersite",
            "module.create_intersite_template.mso_schema_template_anp_epg.epg_intersite",
            "module.create_intersite_template.mso_schema_template_bd.bd_intersite",
            "module.create_intersite_template.mso_schema_template_contract.permit_all_site2",
            "module.create_intersite_template.mso_schema_template_filter_entry.permit_all",
            "module.create_intersite_template.mso_schema_template_vrf.vrf_intersite",
            "module.create_schema.data.mso_site.site1",
            "module.create_schema.data.mso_site.site2",
            "module.create_schema.mso_schema.schema",
            "module.create_schema.mso_tenant.tenant"
          ]
        }
      ]
    },
    {
      "module": "module.create_site1_template",
      "mode": "managed",
      "type": "mso_schema_template_bd",
      "name": "bd",
      "provider": "provider[\"registry.terraform.io/ciscodevnet/mso\"]",
      "instances": [
        {
          "schema_version": 1,
          "attributes": {
            "arp_flooding": null,
            "dhcp_policy": {},
            "display_name": "terra-site1-bd",
            "id": "terra-site1-bd",
            "intersite_bum_traffic": false,
            "ipv6_unknown_multicast_flooding": "flood",
            "layer2_stretch": null,
            "layer2_unknown_unicast": "flood",
            "layer3_multicast": null,
            "multi_destination_flooding": "bd-flood",
            "name": "terra-site1-bd",
            "optimize_wan_bandwidth": null,
            "schema_id": "6230d072200000ed7787f5c1",
            "template_name": "terra-site1",
            "unicast_routing": null,
            "unknown_multicast_flooding": "flood",
            "virtual_mac_address": "",
            "vrf_name": "terra-intersite-vrf",
            "vrf_schema_id": "6230d072200000ed7787f5c1",
            "vrf_template_name": "terra-intersite"
          },
          "private": "eyJzY2hlbWFfdmVyc2lvbiI6IjEifQ==",
          "dependencies": [
            "module.create_intersite_template.mso_schema_template_vrf.vrf_intersite",
            "module.create_schema.data.mso_site.site1",
            "module.create_schema.data.mso_site.site2",
            "module.create_schema.mso_schema.schema",
            "module.create_schema.mso_schema_template.site1_template",
            "module.create_schema.mso_tenant.tenant"
          ]
        }
      ]
    },
    {
      "module": "module.create_site2_template",
      "mode": "managed",
      "type": "mso_schema_template_bd",
      "name": "bd",
      "provider": "provider[\"registry.terraform.io/ciscodevnet/mso\"]",
      "instances": [
        {
          "schema_version": 1,
          "attributes": {
            "arp_flooding": null,
            "dhcp_policy": {},
            "display_name": "terra-site2-bd",
            "id": "terra-site2-bd",
            "intersite_bum_traffic": false,
            "ipv6_unknown_multicast_flooding": "flood",
            "layer2_stretch": null,
            "layer2_unknown_unicast": "flood",
            "layer3_multicast": null,
            "multi_destination_flooding": "bd-flood",
            "name": "terra-site2-bd",
            "optimize_wan_bandwidth": null,
            "schema_id": "6230d072200000ed7787f5c1",
            "template_name": "terra-site2",
            "unicast_routing": null,
            "unknown_multicast_flooding": "flood",
            "virtual_mac_address": "",
            "vrf_name": "terra-intersite-vrf",
            "vrf_schema_id": "6230d072200000ed7787f5c1",
            "vrf_template_name": "terra-intersite"
          },
          "private": "eyJzY2hlbWFfdmVyc2lvbiI6IjEifQ==",
          "dependencies": [
            "module.create_intersite_template.mso_schema_template_vrf.vrf_intersite",
            "module.create_schema.data.mso_site.site1",
            "module.create_schema.data.mso_site.site2",
            "module.create_schema.mso_schema.schema",
            "module.create_schema.mso_schema_template.site2_template",
            "module.create_schema.mso_tenant.tenant"
          ]
        }
      ]
    },
    {
      "module": "module.create_intersite_template",
      "mode": "managed",
      "type": "mso_schema_template_bd",
      "name": "bd_intersite",
      "provider": "provider[\"registry.terraform.io/ciscodevnet/mso\"]",
      "instances": [
        {
          "schema_version": 1,
          "attributes": {
            "arp_flooding": null,
            "dhcp_policy": {},
            "display_name": "terra-intersite-bd",
            "id": "terra-intersite-bd",
            "intersite_bum_traffic": false,
            "ipv6_unknown_multicast_flooding": "flood",
            "layer2_stretch": true,
            "layer2_unknown_unicast": "flood",
            "layer3_multicast": null,
            "multi_destination_flooding": "bd-flood",
            "name": "terra-intersite-bd",
            "optimize_wan_bandwidth": null,
            "schema_id": "6230d072200000ed7787f5c1",
            "template_name": "terra-intersite",
            "unicast_routing": null,
            "unknown_multicast_flooding": "flood",
            "virtual_mac_address": "",
            "vrf_name": "terra-intersite-vrf",
            "vrf_schema_id": "6230d072200000ed7787f5c1",
            "vrf_template_name": "terra-intersite"
          },
          "private": "eyJzY2hlbWFfdmVyc2lvbiI6IjEifQ==",
          "dependencies": [
            "module.create_intersite_template.mso_schema_template_vrf.vrf_intersite",
            "module.create_schema.mso_schema.schema"
          ]
        }
      ]
    },
    {
      "module": "module.create_intersite_template",
      "mode": "managed",
      "type": "mso_schema_template_bd_subnet",
      "name": "bd_intersite_subnet",
      "provider": "provider[\"registry.terraform.io/ciscodevnet/mso\"]",
      "instances": [
        {
          "schema_version": 1,
          "attributes": {
            "bd_name": "terra-intersite-bd",
            "description": "Description for the subnet",
            "id": "10.1.1.1",
            "ip": "10.1.1.1/24",
            "no_default_gateway": false,
            "querier": true,
            "schema_id": "6230d072200000ed7787f5c1",
            "scope": "public",
            "shared": true,
            "template_name": "terra-intersite"
          },
          "private": "eyJzY2hlbWFfdmVyc2lvbiI6IjEifQ==",
          "dependencies": [
            "module.create_schema.mso_schema.schema"
          ]
        }
      ]
    },
    {
      "module": "module.create_intersite_template",
      "mode": "managed",
      "type": "mso_schema_template_contract",
      "name": "permit_all_site1",
      "provider": "provider[\"registry.terraform.io/ciscodevnet/mso\"]",
      "instances": [
        {
          "schema_version": 1,
          "attributes": {
            "contract_name": "terra-site1-contract",
            "directives": [
              "none"
            ],
            "display_name": "terra-site1-contract",
            "filter_relationship": [],
            "filter_relationships": {
              "filter_name": "permit_any",
              "filter_schema_id": "6230d072200000ed7787f5c1",
              "filter_template_name": "terra-intersite"
            },
            "filter_type": "bothWay",
            "id": "terra-site1-contract",
            "schema_id": "6230d072200000ed7787f5c1",
            "scope": "context",
            "template_name": "terra-intersite"
          },
          "private": "eyJzY2hlbWFfdmVyc2lvbiI6IjEifQ==",
          "dependencies": [
            "module.create_intersite_template.mso_schema_template_filter_entry.permit_all",
            "module.create_schema.data.mso_site.site1",
            "module.create_schema.data.mso_site.site2",
            "module.create_schema.mso_schema.schema",
            "module.create_schema.mso_tenant.tenant"
          ]
        }
      ]
    },
    {
      "module": "module.create_intersite_template",
      "mode": "managed",
      "type": "mso_schema_template_contract",
      "name": "permit_all_site2",
      "provider": "provider[\"registry.terraform.io/ciscodevnet/mso\"]",
      "instances": [
        {
          "schema_version": 1,
          "attributes": {
            "contract_name": "terra-site2-contract",
            "directives": [
              "none"
            ],
            "display_name": "terra-site2-contract",
            "filter_relationship": [],
            "filter_relationships": {
              "filter_name": "permit_any",
              "filter_schema_id": "6230d072200000ed7787f5c1",
              "filter_template_name": "terra-intersite"
            },
            "filter_type": "bothWay",
            "id": "terra-site2-contract",
            "schema_id": "6230d072200000ed7787f5c1",
            "scope": "context",
            "template_name": "terra-intersite"
          },
          "private": "eyJzY2hlbWFfdmVyc2lvbiI6IjEifQ==",
          "dependencies": [
            "module.create_intersite_template.mso_schema_template_filter_entry.permit_all",
            "module.create_schema.data.mso_site.site1",
            "module.create_schema.data.mso_site.site2",
            "module.create_schema.mso_schema.schema",
            "module.create_schema.mso_tenant.tenant"
          ]
        }
      ]
    },
    {
      "module": "module.deploy",
      "mode": "managed",
      "type": "mso_schema_template_deploy",
      "name": "deploy_intersite",
      "provider": "provider[\"registry.terraform.io/ciscodevnet/mso\"]",
      "instances": [
        {
          "schema_version": 1,
          "attributes": {
            "force_apply": "",
            "id": "6230d072200000ed7787f5c1",
            "schema_id": "6230d072200000ed7787f5c1",
            "site_id": "617ab36f3e06aed4a8773149",
            "template_name": "terra-intersite",
            "undeploy": false
          },
          "private": "eyJzY2hlbWFfdmVyc2lvbiI6IjEifQ==",
          "dependencies": [
            "module.create_schema.data.mso_site.site2",
            "module.create_schema.mso_schema.schema"
          ]
        }
      ]
    },
    {
      "module": "module.deploy",
      "mode": "managed",
      "type": "mso_schema_template_deploy",
      "name": "deploy_site_details",
      "provider": "provider[\"registry.terraform.io/ciscodevnet/mso\"]",
      "instances": [
        {
          "schema_version": 1,
          "attributes": {
            "force_apply": "",
            "id": "6230d072200000ed7787f5c1",
            "schema_id": "6230d072200000ed7787f5c1",
            "site_id": "617ab3383e06aed4a8773148",
            "template_name": "terra-site1",
            "undeploy": false
          },
          "private": "eyJzY2hlbWFfdmVyc2lvbiI6IjEifQ==",
          "dependencies": [
            "module.create_schema.mso_schema.schema"
          ]
        }
      ]
    },
    {
      "module": "module.deploy",
      "mode": "managed",
      "type": "mso_schema_template_deploy",
      "name": "deploy_site_details2",
      "provider": "provider[\"registry.terraform.io/ciscodevnet/mso\"]",
      "instances": [
        {
          "schema_version": 1,
          "attributes": {
            "force_apply": "",
            "id": "6230d072200000ed7787f5c1",
            "schema_id": "6230d072200000ed7787f5c1",
            "site_id": "617ab36f3e06aed4a8773149",
            "template_name": "terra-site2",
            "undeploy": false
          },
          "private": "eyJzY2hlbWFfdmVyc2lvbiI6IjEifQ==",
          "dependencies": [
            "module.create_schema.mso_schema.schema",
            "module.create_schema.mso_schema_template.site2_template"
          ]
        }
      ]
    },
    {
      "module": "module.create_intersite_template",
      "mode": "managed",
      "type": "mso_schema_template_filter_entry",
      "name": "permit_all",
      "provider": "provider[\"registry.terraform.io/ciscodevnet/mso\"]",
      "instances": [
        {
          "schema_version": 1,
          "attributes": {
            "arp_flag": "unspecified",
            "destination_from": "unspecified",
            "destination_to": "unspecified",
            "display_name": "permit_any",
            "entry_description": null,
            "entry_display_name": "permit_any",
            "entry_name": "permit_any",
            "ether_type": "unspecified",
            "id": "permit_any",
            "ip_protocol": "unspecified",
            "match_only_fragments": false,
            "name": "permit_any",
            "schema_id": "6230d072200000ed7787f5c1",
            "source_from": "unspecified",
            "source_to": "unspecified",
            "stateful": false,
            "tcp_session_rules": [
              "unspecified"
            ],
            "template_name": "terra-intersite"
          },
          "private": "eyJzY2hlbWFfdmVyc2lvbiI6IjEifQ==",
          "dependencies": [
            "module.create_schema.data.mso_site.site1",
            "module.create_schema.data.mso_site.site2",
            "module.create_schema.mso_schema.schema",
            "module.create_schema.mso_tenant.tenant"
          ]
        }
      ]
    },
    {
      "module": "module.create_intersite_template",
      "mode": "managed",
      "type": "mso_schema_template_vrf",
      "name": "vrf_intersite",
      "provider": "provider[\"registry.terraform.io/ciscodevnet/mso\"]",
      "instances": [
        {
          "schema_version": 0,
          "attributes": {
            "display_name": "terra-intersite-vrf",
            "id": "terra-intersite-vrf",
            "layer3_multicast": false,
            "name": "terra-intersite-vrf",
            "schema_id": "6230d072200000ed7787f5c1",
            "template": "terra-intersite",
            "vzany": false
          },
          "private": "bnVsbA==",
          "dependencies": [
            "module.create_schema.data.mso_site.site1",
            "module.create_schema.data.mso_site.site2",
            "module.create_schema.mso_schema.schema",
            "module.create_schema.mso_tenant.tenant"
          ]
        }
      ]
    },
    {
      "module": "module.create_schema",
      "mode": "managed",
      "type": "mso_tenant",
      "name": "tenant",
      "provider": "provider[\"registry.terraform.io/ciscodevnet/mso\"]",
      "instances": [
        {
          "schema_version": 1,
          "attributes": {
            "description": "Created by Terraform!",
            "display_name": "terra-ax-t1",
            "id": "6230d0a7210000698e400f21",
            "name": "terra-ax-t1",
            "site_associations": [
              {
                "aws_access_key_id": "",
                "aws_account_id": "",
                "aws_secret_key": "",
                "azure_access_type": "",
                "azure_active_directory_id": "",
                "azure_application_id": "",
                "azure_client_secret": "",
                "azure_shared_account_id": "",
                "azure_subscription_id": "",
                "is_aws_account_trusted": false,
                "security_domains": [],
                "site_id": "617ab36f3e06aed4a8773149",
                "vendor": ""
              },
              {
                "aws_access_key_id": "",
                "aws_account_id": "",
                "aws_secret_key": "",
                "azure_access_type": "",
                "azure_active_directory_id": "",
                "azure_application_id": "",
                "azure_client_secret": "",
                "azure_shared_account_id": "",
                "azure_subscription_id": "",
                "is_aws_account_trusted": false,
                "security_domains": [],
                "site_id": "617ab3383e06aed4a8773148",
                "vendor": ""
              }
            ],
            "user_associations": [
              {
                "user_id": "48d105bdfbc49a5fcf39a10b961386e61dfe40085cb0315d818b761c5735dafa"
              }
            ]
          },
          "private": "eyJzY2hlbWFfdmVyc2lvbiI6IjEifQ==",
          "dependencies": [
            "module.create_schema.data.mso_site.site1",
            "module.create_schema.data.mso_site.site2"
          ]
        }
      ]
    }
  ]
}
